
Microsoft Visual Studio Solution File, Format Version 11.00
# Visual Studio 2010
Project("{8BC9CEB8-8B4A-11D0-8D11-00A0C91BC942}") = "Expert system", "Expert system.vcxproj", "{931759F2-3F38-4995-9A71-D0CA65533461}"
EndProject
Global
	GlobalSection(SolutionConfigurationPlatforms) = preSolution
		Debug|Win32 = Debug|Win32
		Release|Win32 = Release|Win32
	EndGlobalSection
	GlobalSection(ProjectConfigurationPlatforms) = postSolution
		{931759F2-3F38-4995-9A71-D0CA65533461}.Debug|Win32.ActiveCfg = Debug|Win32
		{931759F2-3F38-4995-9A71-D0CA65533461}.Debug|Win32.Build.0 = Debug|Win32
		{931759F2-3F38-4995-9A71-D0CA65533461}.Release|Win32.ActiveCfg = Release|Win32
		{931759F2-3F38-4995-9A71-D0CA65533461}.Release|Win32.Build.0 = Release|Win32
	EndGlobalSection
	GlobalSection(SolutionProperties) = preSolution
		HideSolutionNode = FALSE
	EndGlobalSection
EndGlobal
